
Microsoft Visual Studio Solution File, Format Version 12.00
Project("{2150E333-8FDC-42A3-9474-1A3956D46DE8}") = "Services", "Services", "{18586421-66F0-47C8-B28B-5BF7BD757194}"
EndProject
Project("{FAE04EC0-301F-11D3-BF4B-00C04F79EFBC}") = "Events.Api", "Services\Events.Api\Events.Api.csproj", "{B9CB9BF1-BA55-424E-85CE-F87E22FA2483}"
EndProject
Project("{FAE04EC0-301F-11D3-BF4B-00C04F79EFBC}") = "DbMigrations", "Services\DbMigrations\DbMigrations.csproj", "{61B8997F-5E7F-4B4F-A945-F02CA110B75F}"
EndProject
Project("{FAE04EC0-301F-11D3-BF4B-00C04F79EFBC}") = "Shared", "Services\Shared\Shared.csproj", "{A920D9FF-8781-4F86-9C64-4BD48DB0420B}"
EndProject
Project("{2150E333-8FDC-42A3-9474-1A3956D46DE8}") = "SolutionItems", "SolutionItems", "{EFFBA634-BD19-45BC-8FC3-FDB045267E93}"
	ProjectSection(SolutionItems) = preProject
		SolutionItems\compose.yaml = SolutionItems\compose.yaml
	EndProjectSection
EndProject
Global
	GlobalSection(SolutionConfigurationPlatforms) = preSolution
		Debug|Any CPU = Debug|Any CPU
		Release|Any CPU = Release|Any CPU
	EndGlobalSection
	GlobalSection(NestedProjects) = preSolution
		{B9CB9BF1-BA55-424E-85CE-F87E22FA2483} = {18586421-66F0-47C8-B28B-5BF7BD757194}
		{61B8997F-5E7F-4B4F-A945-F02CA110B75F} = {18586421-66F0-47C8-B28B-5BF7BD757194}
		{A920D9FF-8781-4F86-9C64-4BD48DB0420B} = {18586421-66F0-47C8-B28B-5BF7BD757194}
	EndGlobalSection
	GlobalSection(ProjectConfigurationPlatforms) = postSolution
		{B9CB9BF1-BA55-424E-85CE-F87E22FA2483}.Debug|Any CPU.ActiveCfg = Debug|Any CPU
		{B9CB9BF1-BA55-424E-85CE-F87E22FA2483}.Debug|Any CPU.Build.0 = Debug|Any CPU
		{B9CB9BF1-BA55-424E-85CE-F87E22FA2483}.Release|Any CPU.ActiveCfg = Release|Any CPU
		{B9CB9BF1-BA55-424E-85CE-F87E22FA2483}.Release|Any CPU.Build.0 = Release|Any CPU
		{61B8997F-5E7F-4B4F-A945-F02CA110B75F}.Debug|Any CPU.ActiveCfg = Debug|Any CPU
		{61B8997F-5E7F-4B4F-A945-F02CA110B75F}.Debug|Any CPU.Build.0 = Debug|Any CPU
		{61B8997F-5E7F-4B4F-A945-F02CA110B75F}.Release|Any CPU.ActiveCfg = Release|Any CPU
		{61B8997F-5E7F-4B4F-A945-F02CA110B75F}.Release|Any CPU.Build.0 = Release|Any CPU
		{A920D9FF-8781-4F86-9C64-4BD48DB0420B}.Debug|Any CPU.ActiveCfg = Debug|Any CPU
		{A920D9FF-8781-4F86-9C64-4BD48DB0420B}.Debug|Any CPU.Build.0 = Debug|Any CPU
		{A920D9FF-8781-4F86-9C64-4BD48DB0420B}.Release|Any CPU.ActiveCfg = Release|Any CPU
		{A920D9FF-8781-4F86-9C64-4BD48DB0420B}.Release|Any CPU.Build.0 = Release|Any CPU
	EndGlobalSection
EndGlobal
